
Microsoft Visual Studio Solution File, Format Version 12.00
# Visual Studio 2013
VisualStudioVersion = 12.0.21005.1
MinimumVisualStudioVersion = 10.0.40219.1
Project("{FAE04EC0-301F-11D3-BF4B-00C04F79EFBC}") = "2001210642_TuanHuy_29_11_2023", "2001210642_TuanHuy_29_11_2023\2001210642_TuanHuy_29_11_2023.csproj", "{AFAD9FE1-732E-4367-BF05-26911E6EC1A6}"
EndProject
Global
	GlobalSection(SolutionConfigurationPlatforms) = preSolution
		Debug|Any CPU = Debug|Any CPU
		Release|Any CPU = Release|Any CPU
	EndGlobalSection
	GlobalSection(ProjectConfigurationPlatforms) = postSolution
		{AFAD9FE1-732E-4367-BF05-26911E6EC1A6}.Debug|Any CPU.ActiveCfg = Debug|Any CPU
		{AFAD9FE1-732E-4367-BF05-26911E6EC1A6}.Debug|Any CPU.Build.0 = Debug|Any CPU
		{AFAD9FE1-732E-4367-BF05-26911E6EC1A6}.Release|Any CPU.ActiveCfg = Release|Any CPU
		{AFAD9FE1-732E-4367-BF05-26911E6EC1A6}.Release|Any CPU.Build.0 = Release|Any CPU
	EndGlobalSection
	GlobalSection(SolutionProperties) = preSolution
		HideSolutionNode = FALSE
	EndGlobalSection
EndGlobal
